
Microsoft Visual Studio Solution File, Format Version 11.00
# Visual Studio 2010
Project("{8BC9CEB8-8B4A-11D0-8D11-00A0C91BC942}") = "ghacHook", "ghacHook\ghacHook.vcxproj", "{CEA4AA0A-A90C-4168-8CCA-B68446C821ED}"
EndProject
Global
	GlobalSection(SolutionConfigurationPlatforms) = preSolution
		Release (v100)|Win32 = Release (v100)|Win32
		Release (v90)|Win32 = Release (v90)|Win32
	EndGlobalSection
	GlobalSection(ProjectConfigurationPlatforms) = postSolution
		{CEA4AA0A-A90C-4168-8CCA-B68446C821ED}.Release (v100)|Win32.ActiveCfg = Release (v100)|Win32
		{CEA4AA0A-A90C-4168-8CCA-B68446C821ED}.Release (v100)|Win32.Build.0 = Release (v100)|Win32
		{CEA4AA0A-A90C-4168-8CCA-B68446C821ED}.Release (v90)|Win32.ActiveCfg = Release (v90)|Win32
		{CEA4AA0A-A90C-4168-8CCA-B68446C821ED}.Release (v90)|Win32.Build.0 = Release (v90)|Win32
	EndGlobalSection
	GlobalSection(SolutionProperties) = preSolution
		HideSolutionNode = FALSE
	EndGlobalSection
EndGlobal
